// !$*UTF8*$!
{
	archiveVersion = 1;
	classes = {
	};
	objectVersion = 46;
	objects = {

/* Begin PBXBuildFile section */
		F4652AD31DCF3D700089258B /* AppDelegate.swift in Sources */ = {isa = PBXBuildFile; fileRef = F4652AD21DCF3D700089258B /* AppDelegate.swift */; };
		F4652AD81DCF3D700089258B /* Main.storyboard in Resources */ = {isa = PBXBuildFile; fileRef = F4652AD61DCF3D700089258B /* Main.storyboard */; };
		F4652ADA1DCF3D700089258B /* Assets.xcassets in Resources */ = {isa = PBXBuildFile; fileRef = F4652AD91DCF3D700089258B /* Assets.xcassets */; };
		F4652ADD1DCF3D700089258B /* LaunchScreen.storyboard in Resources */ = {isa = PBXBuildFile; fileRef = F4652ADB1DCF3D700089258B /* LaunchScreen.storyboard */; };
		F4652AE81DCF3EEF0089258B /* LunarCore.swift in Sources */ = {isa = PBXBuildFile; fileRef = F4652AE71DCF3EEF0089258B /* LunarCore.swift */; };
/* End PBXBuildFile section */

/* Begin PBXFileReference section */
		F4652ACF1DCF3D700089258B /* LunarCore-Swift.app */ = {isa = PBXFileReference; explicitFileType = wrapper.application; includeInIndex = 0; path = "LunarCore-Swift.app"; sourceTree = BUILT_PRODUCTS_DIR; };
		F4652AD21DCF3D700089258B /* AppDelegate.swift */ = {isa = PBXFileReference; lastKnownFileType = sourcecode.swift; name = AppDelegate.swift; path = "../LunarCore-Swift/AppDelegate.swift"; sourceTree = "<group>"; };
		F4652AD71DCF3D700089258B /* Base */ = {isa = PBXFileReference; lastKnownFileType = file.storyboard; name = Base; path = Base.lproj/Main.storyboard; sourceTree = "<group>"; };
		F4652AD91DCF3D700089258B /* Assets.xcassets */ = {isa = PBXFileReference; lastKnownFileType = folder.assetcatalog; name = Assets.xcassets; path = "../../LunarCore-Swift/Assets.xcassets"; sourceTree = "<group>"; };
		F4652ADC1DCF3D700089258B /* Base */ = {isa = PBXFileReference; lastKnownFileType = file.storyboard; name = Base; path = Base.lproj/LaunchScreen.storyboard; sourceTree = "<group>"; };
		F4652ADE1DCF3D700089258B /* Info.plist */ = {isa = PBXFileReference; lastKnownFileType = text.plist.xml; name = Info.plist; path = "../../LunarCore-Swift/Info.plist"; sourceTree = "<group>"; };
		F4652AE71DCF3EEF0089258B /* LunarCore.swift */ = {isa = PBXFileReference; fileEncoding = 4; lastKnownFileType = sourcecode.swift; path = LunarCore.swift; sourceTree = "<group>"; };
/* End PBXFileReference section */

/* Begin PBXFrameworksBuildPhase section */
		F4652ACC1DCF3D700089258B /* Frameworks */ = {
			isa = PBXFrameworksBuildPhase;
			buildActionMask = 2147483647;
			files = (
			);
			runOnlyForDeploymentPostprocessing = 0;
		};
/* End PBXFrameworksBuildPhase section */

/* Begin PBXGroup section */
		F4652AC61DCF3D700089258B = {
			isa = PBXGroup;
			children = (
				F4652AD11DCF3D700089258B /* LunarCore-Swift */,
				F4652AE51DCF3E6D0089258B /* Sample */,
				F4652AD01DCF3D700089258B /* Products */,
			);
			sourceTree = "<group>";
		};
		F4652AD01DCF3D700089258B /* Products */ = {
			isa = PBXGroup;
			children = (
				F4652ACF1DCF3D700089258B /* LunarCore-Swift.app */,
			);
			name = Products;
			sourceTree = "<group>";
		};
		F4652AD11DCF3D700089258B /* LunarCore-Swift */ = {
			isa = PBXGroup;
			children = (
				F4652AE71DCF3EEF0089258B /* LunarCore.swift */,
			);
			path = "LunarCore-Swift";
			sourceTree = "<group>";
		};
		F4652AE51DCF3E6D0089258B /* Sample */ = {
			isa = PBXGroup;
			children = (
				F4652AD21DCF3D700089258B /* AppDelegate.swift */,
				F4652AE61DCF3E830089258B /* Supporting Files */,
			);
			path = Sample;
			sourceTree = "<group>";
		};
		F4652AE61DCF3E830089258B /* Supporting Files */ = {
			isa = PBXGroup;
			children = (
				F4652AD61DCF3D700089258B /* Main.storyboard */,
				F4652AD91DCF3D700089258B /* Assets.xcassets */,
				F4652ADB1DCF3D700089258B /* LaunchScreen.storyboard */,
				F4652ADE1DCF3D700089258B /* Info.plist */,
			);
			path = "Supporting Files";
			sourceTree = "<group>";
		};
/* End PBXGroup section */

/* Begin PBXNativeTarget section */
		F4652ACE1DCF3D700089258B /* LunarCore-Swift */ = {
			isa = PBXNativeTarget;
			buildConfigurationList = F4652AE11DCF3D700089258B /* Build configuration list for PBXNativeTarget "LunarCore-Swift" */;
			buildPhases = (
				F4652ACB1DCF3D700089258B /* Sources */,
				F4652ACC1DCF3D700089258B /* Frameworks */,
				F4652ACD1DCF3D700089258B /* Resources */,
			);
			buildRules = (
			);
			dependencies = (
			);
			name = "LunarCore-Swift";
			productName = "LunarCore-Swift";
			productReference = F4652ACF1DCF3D700089258B /* LunarCore-Swift.app */;
			productType = "com.apple.product-type.application";
		};
/* End PBXNativeTarget section */

/* Begin PBXProject section */
		F4652AC71DCF3D700089258B /* Project object */ = {
			isa = PBXProject;
			attributes = {
				LastSwiftUpdateCheck = 0810;
				LastUpgradeCheck = 0810;
				ORGANIZATIONNAME = elors;
				TargetAttributes = {
					F4652ACE1DCF3D700089258B = {
						CreatedOnToolsVersion = 8.1;
						ProvisioningStyle = Automatic;
					};
				};
			};
			buildConfigurationList = F4652ACA1DCF3D700089258B /* Build configuration list for PBXProject "LunarCore-Swift" */;
			compatibilityVersion = "Xcode 3.2";
			developmentRegion = English;
			hasScannedForEncodings = 0;
			knownRegions = (
				en,
				Base,
			);
			mainGroup = F4652AC61DCF3D700089258B;
			productRefGroup = F4652AD01DCF3D700089258B /* Products */;
			projectDirPath = "";
			projectRoot = "";
			targets = (
				F4652ACE1DCF3D700089258B /* LunarCore-Swift */,
			);
		};
/* End PBXProject section */

/* Begin PBXResourcesBuildPhase section */
		F4652ACD1DCF3D700089258B /* Resources */ = {
			isa = PBXResourcesBuildPhase;
			buildActionMask = 2147483647;
			files = (
				F4652ADD1DCF3D700089258B /* LaunchScreen.storyboard in Resources */,
				F4652ADA1DCF3D700089258B /* Assets.xcassets in Resources */,
				F4652AD81DCF3D700089258B /* Main.storyboard in Resources */,
			);
			runOnlyForDeploymentPostprocessing = 0;
		};
/* End PBXResourcesBuildPhase section */

/* Begin PBXSourcesBuildPhase section */
		F4652ACB1DCF3D700089258B /* Sources */ = {
			isa = PBXSourcesBuildPhase;
			buildActionMask = 2147483647;
			files = (
				F4652AD31DCF3D700089258B /* AppDelegate.swift in Sources */,
				F4652AE81DCF3EEF0089258B /* LunarCore.swift in Sources */,
			);
			runOnlyForDeploymentPostprocessing = 0;
		};
/* End PBXSourcesBuildPhase section */

/* Begin PBXVariantGroup section */
		F4652AD61DCF3D700089258B /* Main.storyboard */ = {
			isa = PBXVariantGroup;
			children = (
				F4652AD71DCF3D700089258B /* Base */,
			);
			name = Main.storyboard;
			path = "../../LunarCore-Swift";
			sourceTree = "<group>";
		};
		F4652ADB1DCF3D700089258B /* LaunchScreen.storyboard */ = {
			isa = PBXVariantGroup;
			children = (
				F4652ADC1DCF3D700089258B /* Base */,
			);
			name = LaunchScreen.storyboard;
			path = "../../LunarCore-Swift";
			sourceTree = "<group>";
		};
/* End PBXVariantGroup section */

/* Begin XCBuildConfiguration section */
		F4652ADF1DCF3D700089258B /* Debug */ = {
			isa = XCBuildConfiguration;
			buildSettings = {
				ALWAYS_SEARCH_USER_PATHS = NO;
				CLANG_ANALYZER_NONNULL = YES;
				CLANG_CXX_LANGUAGE_STANDARD = "gnu++0x";
				CLANG_CXX_LIBRARY = "libc++";
				CLANG_ENABLE_MODULES = YES;
				CLANG_ENABLE_OBJC_ARC = YES;
				CLANG_WARN_BOOL_CONVERSION = YES;
				CLANG_WARN_CONSTANT_CONVERSION = YES;
				CLANG_WARN_DIRECT_OBJC_ISA_USAGE = YES_ERROR;
				CLANG_WARN_DOCUMENTATION_COMMENTS = YES;
				CLANG_WARN_EMPTY_BODY = YES;
				CLANG_WARN_ENUM_CONVERSION = YES;
				CLANG_WARN_INFINITE_RECURSION = YES;
				CLANG_WARN_INT_CONVERSION = YES;
				CLANG_WARN_OBJC_ROOT_CLASS = YES_ERROR;
				CLANG_WARN_SUSPICIOUS_MOVES = YES;
				CLANG_WARN_UNREACHABLE_CODE = YES;
				CLANG_WARN__DUPLICATE_METHOD_MATCH = YES;
				"CODE_SIGN_IDENTITY[sdk=iphoneos*]" = "iPhone Developer";
				COPY_PHASE_STRIP = NO;
				DEBUG_INFORMATION_FORMAT = dwarf;
				ENABLE_STRICT_OBJC_MSGSEND = YES;
				ENABLE_TESTABILITY = YES;
				GCC_C_LANGUAGE_STANDARD = gnu99;
				GCC_DYNAMIC_NO_PIC = NO;
				GCC_NO_COMMON_BLOCKS = YES;
				GCC_OPTIMIZATION_LEVEL = 0;
				GCC_PREPROCESSOR_DEFINITIONS = (
					"DEBUG=1",
					"$(inherited)",
				);
				GCC_WARN_64_TO_32_BIT_CONVERSION = YES;
				GCC_WARN_ABOUT_RETURN_TYPE = YES_ERROR;
				GCC_WARN_UNDECLARED_SELECTOR = YES;
				GCC_WARN_UNINITIALIZED_AUTOS = YES_AGGRESSIVE;
				GCC_WARN_UNUSED_FUNCTION = YES;
				GCC_WARN_UNUSED_VARIABLE = YES;
				IPHONEOS_DEPLOYMENT_TARGET = 10.1;
				MTL_ENABLE_DEBUG_INFO = YES;
				ONLY_ACTIVE_ARCH = YES;
				SDKROOT = iphoneos;
				SWIFT_ACTIVE_COMPILATION_CONDITIONS = DEBUG;
				SWIFT_OPTIMIZATION_LEVEL = "-Onone";
			};
			name = Debug;
		};
		F4652AE01DCF3D700089258B /* Release */ = {
			isa = XCBuildConfiguration;
			buildSettings = {
				ALWAYS_SEARCH_USER_PATHS = NO;
				CLANG_ANALYZER_NONNULL = YES;
				CLANG_CXX_LANGUAGE_STANDARD = "gnu++0x";
				CLANG_CXX_LIBRARY = "libc++";
				CLANG_ENABLE_MODULES = YES;
				CLANG_ENABLE_OBJC_ARC = YES;
				CLANG_WARN_BOOL_CONVERSION = YES;
				CLANG_WARN_CONSTANT_CONVERSION = YES;
				CLANG_WARN_DIRECT_OBJC_ISA_USAGE = YES_ERROR;
				CLANG_WARN_DOCUMENTATION_COMMENTS = YES;
				CLANG_WARN_EMPTY_BODY = YES;
				CLANG_WARN_ENUM_CONVERSION = YES;
				CLANG_WARN_INFINITE_RECURSION = YES;
				CLANG_WARN_INT_CONVERSION = YES;
				CLANG_WARN_OBJC_ROOT_CLASS = YES_ERROR;
				CLANG_WARN_SUSPICIOUS_MOVES = YES;
				CLANG_WARN_UNREACHABLE_CODE = YES;
				CLANG_WARN__DUPLICATE_METHOD_MATCH = YES;
				"CODE_SIGN_IDENTITY[sdk=iphoneos*]" = "iPhone Developer";
				COPY_PHASE_STRIP = NO;
				DEBUG_INFORMATION_FORMAT = "dwarf-with-dsym";
				ENABLE_NS_ASSERTIONS = NO;
				ENABLE_STRICT_OBJC_MSGSEND = YES;
				GCC_C_LANGUAGE_STANDARD = gnu99;
				GCC_NO_COMMON_BLOCKS = YES;
				GCC_WARN_64_TO_32_BIT_CONVERSION = YES;
				GCC_WARN_ABOUT_RETURN_TYPE = YES_ERROR;
				GCC_WARN_UNDECLARED_SELECTOR = YES;
				GCC_WARN_UNINITIALIZED_AUTOS = YES_AGGRESSIVE;
				GCC_WARN_UNUSED_FUNCTION = YES;
				GCC_WARN_UNUSED_VARIABLE = YES;
				IPHONEOS_DEPLOYMENT_TARGET = 10.1;
				MTL_ENABLE_DEBUG_INFO = NO;
				SDKROOT = iphoneos;
				SWIFT_OPTIMIZATION_LEVEL = "-Owholemodule";
				VALIDATE_PRODUCT = YES;
			};
			name = Release;
		};
		F4652AE21DCF3D700089258B /* Debug */ = {
			isa = XCBuildConfiguration;
			buildSettings = {
				ASSETCATALOG_COMPILER_APPICON_NAME = AppIcon;
				INFOPLIST_FILE = "LunarCore-Swift/Info.plist";
				LD_RUNPATH_SEARCH_PATHS = "$(inherited) @executable_path/Frameworks";
				PRODUCT_BUNDLE_IDENTIFIER = sample.elors.lunarcore;
				PRODUCT_NAME = "$(TARGET_NAME)";
				SWIFT_VERSION = 3.0;
			};
			name = Debug;
		};
		F4652AE31DCF3D700089258B /* Release */ = {
			isa = XCBuildConfiguration;
			buildSettings = {
				ASSETCATALOG_COMPILER_APPICON_NAME = AppIcon;
				INFOPLIST_FILE = "LunarCore-Swift/Info.plist";
				LD_RUNPATH_SEARCH_PATHS = "$(inherited) @executable_path/Frameworks";
				PRODUCT_BUNDLE_IDENTIFIER = sample.elors.lunarcore;
				PRODUCT_NAME = "$(TARGET_NAME)";
				SWIFT_VERSION = 3.0;
			};
			name = Release;
		};
/* End XCBuildConfiguration section */

/* Begin XCConfigurationList section */
		F4652ACA1DCF3D700089258B /* Build configuration list for PBXProject "LunarCore-Swift" */ = {
			isa = XCConfigurationList;
			buildConfigurations = (
				F4652ADF1DCF3D700089258B /* Debug */,
				F4652AE01DCF3D700089258B /* Release */,
			);
			defaultConfigurationIsVisible = 0;
			defaultConfigurationName = Release;
		};
		F4652AE11DCF3D700089258B /* Build configuration list for PBXNativeTarget "LunarCore-Swift" */ = {
			isa = XCConfigurationList;
			buildConfigurations = (
				F4652AE21DCF3D700089258B /* Debug */,
				F4652AE31DCF3D700089258B /* Release */,
			);
			defaultConfigurationIsVisible = 0;
			defaultConfigurationName = Release;
		};
/* End XCConfigurationList section */
	};
	rootObject = F4652AC71DCF3D700089258B /* Project object */;
}
